// !$*UTF8*$!
{
	archiveVersion = 1;
	classes = {
	};
	objectVersion = 55;
	objects = {

/* Begin PBXBuildFile section */
		54F5E3A21ACA487CBD5C7213 /* Pods_SpringTutorial.framework in Frameworks */ = {isa = PBXBuildFile; fileRef = 46D417F5B58A1895E99579A9 /* Pods_SpringTutorial.framework */; };
		CF753A5127FC5E6100979CBA /* AppDelegate.swift in Sources */ = {isa = PBXBuildFile; fileRef = CF753A5027FC5E6100979CBA /* AppDelegate.swift */; };
		CF753A5327FC5E6100979CBA /* SceneDelegate.swift in Sources */ = {isa = PBXBuildFile; fileRef = CF753A5227FC5E6100979CBA /* SceneDelegate.swift */; };
		CF753A5527FC5E6100979CBA /* ViewController.swift in Sources */ = {isa = PBXBuildFile; fileRef = CF753A5427FC5E6100979CBA /* ViewController.swift */; };
		CF753A5827FC5E6100979CBA /* Main.storyboard in Resources */ = {isa = PBXBuildFile; fileRef = CF753A5627FC5E6100979CBA /* Main.storyboard */; };
		CF753A5A27FC5E6100979CBA /* Assets.xcassets in Resources */ = {isa = PBXBuildFile; fileRef = CF753A5927FC5E6100979CBA /* Assets.xcassets */; };
		CF753A5D27FC5E6100979CBA /* LaunchScreen.storyboard in Resources */ = {isa = PBXBuildFile; fileRef = CF753A5B27FC5E6100979CBA /* LaunchScreen.storyboard */; };
		CF753A6927FCAD7000979CBA /* AnimationPreset.swift in Sources */ = {isa = PBXBuildFile; fileRef = CF753A6827FCAD7000979CBA /* AnimationPreset.swift */; };
		CFCED59C27FDA0A4009F0CCE /* SpringAnimationData.swift in Sources */ = {isa = PBXBuildFile; fileRef = CFCED59B27FDA0A4009F0CCE /* SpringAnimationData.swift */; };
/* End PBXBuildFile section */

/* Begin PBXFileReference section */
		008E9DBEF8E9A10635462B83 /* Pods-SpringTutorial.debug.xcconfig */ = {isa = PBXFileReference; includeInIndex = 1; lastKnownFileType = text.xcconfig; name = "Pods-SpringTutorial.debug.xcconfig"; path = "Target Support Files/Pods-SpringTutorial/Pods-SpringTutorial.debug.xcconfig"; sourceTree = "<group>"; };
		46D417F5B58A1895E99579A9 /* Pods_SpringTutorial.framework */ = {isa = PBXFileReference; explicitFileType = wrapper.framework; includeInIndex = 0; path = Pods_SpringTutorial.framework; sourceTree = BUILT_PRODUCTS_DIR; };
		CF753A4D27FC5E6100979CBA /* SpringTutorial.app */ = {isa = PBXFileReference; explicitFileType = wrapper.application; includeInIndex = 0; path = SpringTutorial.app; sourceTree = BUILT_PRODUCTS_DIR; };
		CF753A5027FC5E6100979CBA /* AppDelegate.swift */ = {isa = PBXFileReference; lastKnownFileType = sourcecode.swift; path = AppDelegate.swift; sourceTree = "<group>"; };
		CF753A5227FC5E6100979CBA /* SceneDelegate.swift */ = {isa = PBXFileReference; lastKnownFileType = sourcecode.swift; path = SceneDelegate.swift; sourceTree = "<group>"; };
		CF753A5427FC5E6100979CBA /* ViewController.swift */ = {isa = PBXFileReference; lastKnownFileType = sourcecode.swift; path = ViewController.swift; sourceTree = "<group>"; };
		CF753A5727FC5E6100979CBA /* Base */ = {isa = PBXFileReference; lastKnownFileType = file.storyboard; name = Base; path = Base.lproj/Main.storyboard; sourceTree = "<group>"; };
		CF753A5927FC5E6100979CBA /* Assets.xcassets */ = {isa = PBXFileReference; lastKnownFileType = folder.assetcatalog; path = Assets.xcassets; sourceTree = "<group>"; };
		CF753A5C27FC5E6100979CBA /* Base */ = {isa = PBXFileReference; lastKnownFileType = file.storyboard; name = Base; path = Base.lproj/LaunchScreen.storyboard; sourceTree = "<group>"; };
		CF753A5E27FC5E6100979CBA /* Info.plist */ = {isa = PBXFileReference; lastKnownFileType = text.plist.xml; path = Info.plist; sourceTree = "<group>"; };
		CF753A6827FCAD7000979CBA /* AnimationPreset.swift */ = {isa = PBXFileReference; lastKnownFileType = sourcecode.swift; path = AnimationPreset.swift; sourceTree = "<group>"; };
		CFCED59B27FDA0A4009F0CCE /* SpringAnimationData.swift */ = {isa = PBXFileReference; lastKnownFileType = sourcecode.swift; path = SpringAnimationData.swift; sourceTree = "<group>"; };
		F564D5D83D69F9B96E056C0F /* Pods-SpringTutorial.release.xcconfig */ = {isa = PBXFileReference; includeInIndex = 1; lastKnownFileType = text.xcconfig; name = "Pods-SpringTutorial.release.xcconfig"; path = "Target Support Files/Pods-SpringTutorial/Pods-SpringTutorial.release.xcconfig"; sourceTree = "<group>"; };
/* End PBXFileReference section */

/* Begin PBXFrameworksBuildPhase section */
		CF753A4A27FC5E6100979CBA /* Frameworks */ = {
			isa = PBXFrameworksBuildPhase;
			buildActionMask = 2147483647;
			files = (
				54F5E3A21ACA487CBD5C7213 /* Pods_SpringTutorial.framework in Frameworks */,
			);
			runOnlyForDeploymentPostprocessing = 0;
		};
/* End PBXFrameworksBuildPhase section */

/* Begin PBXGroup section */
		1C7EDE323B1AAFA4CF9DFC94 /* Pods */ = {
			isa = PBXGroup;
			children = (
				008E9DBEF8E9A10635462B83 /* Pods-SpringTutorial.debug.xcconfig */,
				F564D5D83D69F9B96E056C0F /* Pods-SpringTutorial.release.xcconfig */,
			);
			path = Pods;
			sourceTree = "<group>";
		};
		5F3D3644858C809226B7EA6A /* Frameworks */ = {
			isa = PBXGroup;
			children = (
				46D417F5B58A1895E99579A9 /* Pods_SpringTutorial.framework */,
			);
			name = Frameworks;
			sourceTree = "<group>";
		};
		CF753A4427FC5E6100979CBA = {
			isa = PBXGroup;
			children = (
				CF753A4F27FC5E6100979CBA /* SpringTutorial */,
				CF753A4E27FC5E6100979CBA /* Products */,
				1C7EDE323B1AAFA4CF9DFC94 /* Pods */,
				5F3D3644858C809226B7EA6A /* Frameworks */,
			);
			sourceTree = "<group>";
		};
		CF753A4E27FC5E6100979CBA /* Products */ = {
			isa = PBXGroup;
			children = (
				CF753A4D27FC5E6100979CBA /* SpringTutorial.app */,
			);
			name = Products;
			sourceTree = "<group>";
		};
		CF753A4F27FC5E6100979CBA /* SpringTutorial */ = {
			isa = PBXGroup;
			children = (
				CFCED59D27FDA0AC009F0CCE /* Services */,
				CF753A6A27FCAD7600979CBA /* Model */,
				CFB9140F27FCE67F00D5F3B3 /* App */,
				CFB9141127FCE76700D5F3B3 /* ViewControllers */,
				CFB9141227FCE77800D5F3B3 /* Resources */,
				CFB9141027FCE75A00D5F3B3 /* Storyboards */,
				CF753A5E27FC5E6100979CBA /* Info.plist */,
			);
			path = SpringTutorial;
			sourceTree = "<group>";
		};
		CF753A6A27FCAD7600979CBA /* Model */ = {
			isa = PBXGroup;
			children = (
				CF753A6827FCAD7000979CBA /* AnimationPreset.swift */,
			);
			path = Model;
			sourceTree = "<group>";
		};
		CFB9140F27FCE67F00D5F3B3 /* App */ = {
			isa = PBXGroup;
			children = (
				CF753A5027FC5E6100979CBA /* AppDelegate.swift */,
				CF753A5227FC5E6100979CBA /* SceneDelegate.swift */,
			);
			path = App;
			sourceTree = "<group>";
		};
		CFB9141027FCE75A00D5F3B3 /* Storyboards */ = {
			isa = PBXGroup;
			children = (
				CF753A5627FC5E6100979CBA /* Main.storyboard */,
				CF753A5B27FC5E6100979CBA /* LaunchScreen.storyboard */,
			);
			path = Storyboards;
			sourceTree = "<group>";
		};
		CFB9141127FCE76700D5F3B3 /* ViewControllers */ = {
			isa = PBXGroup;
			children = (
				CF753A5427FC5E6100979CBA /* ViewController.swift */,
			);
			path = ViewControllers;
			sourceTree = "<group>";
		};
		CFB9141227FCE77800D5F3B3 /* Resources */ = {
			isa = PBXGroup;
			children = (
				CF753A5927FC5E6100979CBA /* Assets.xcassets */,
			);
			path = Resources;
			sourceTree = "<group>";
		};
		CFCED59D27FDA0AC009F0CCE /* Services */ = {
			isa = PBXGroup;
			children = (
				CFCED59B27FDA0A4009F0CCE /* SpringAnimationData.swift */,
			);
			path = Services;
			sourceTree = "<group>";
		};
/* End PBXGroup section */

/* Begin PBXNativeTarget section */
		CF753A4C27FC5E6100979CBA /* SpringTutorial */ = {
			isa = PBXNativeTarget;
			buildConfigurationList = CF753A6127FC5E6100979CBA /* Build configuration list for PBXNativeTarget "SpringTutorial" */;
			buildPhases = (
				B59D5A0F26A98254E0381C2E /* [CP] Check Pods Manifest.lock */,
				CF753A4927FC5E6100979CBA /* Sources */,
				CF753A4A27FC5E6100979CBA /* Frameworks */,
				CF753A4B27FC5E6100979CBA /* Resources */,
				90691B2A38479E0B52E13D09 /* [CP] Embed Pods Frameworks */,
			);
			buildRules = (
			);
			dependencies = (
			);
			name = SpringTutorial;
			productName = SpringTutorial;
			productReference = CF753A4D27FC5E6100979CBA /* SpringTutorial.app */;
			productType = "com.apple.product-type.application";
		};
/* End PBXNativeTarget section */

/* Begin PBXProject section */
		CF753A4527FC5E6100979CBA /* Project object */ = {
			isa = PBXProject;
			attributes = {
				BuildIndependentTargetsInParallel = 1;
				LastSwiftUpdateCheck = 1330;
				LastUpgradeCheck = 1330;
				TargetAttributes = {
					CF753A4C27FC5E6100979CBA = {
						CreatedOnToolsVersion = 13.3;
					};
				};
			};
			buildConfigurationList = CF753A4827FC5E6100979CBA /* Build configuration list for PBXProject "SpringTutorial" */;
			compatibilityVersion = "Xcode 13.0";
			developmentRegion = en;
			hasScannedForEncodings = 0;
			knownRegions = (
				en,
				Base,
			);
			mainGroup = CF753A4427FC5E6100979CBA;
			productRefGroup = CF753A4E27FC5E6100979CBA /* Products */;
			projectDirPath = "";
			projectRoot = "";
			targets = (
				CF753A4C27FC5E6100979CBA /* SpringTutorial */,
			);
		};
/* End PBXProject section */

/* Begin PBXResourcesBuildPhase section */
		CF753A4B27FC5E6100979CBA /* Resources */ = {
			isa = PBXResourcesBuildPhase;
			buildActionMask = 2147483647;
			files = (
				CF753A5D27FC5E6100979CBA /* LaunchScreen.storyboard in Resources */,
				CF753A5A27FC5E6100979CBA /* Assets.xcassets in Resources */,
				CF753A5827FC5E6100979CBA /* Main.storyboard in Resources */,
			);
			runOnlyForDeploymentPostprocessing = 0;
		};
/* End PBXResourcesBuildPhase section */

/* Begin PBXShellScriptBuildPhase section */
		90691B2A38479E0B52E13D09 /* [CP] Embed Pods Frameworks */ = {
			isa = PBXShellScriptBuildPhase;
			buildActionMask = 2147483647;
			files = (
			);
			inputFileListPaths = (
				"${PODS_ROOT}/Target Support Files/Pods-SpringTutorial/Pods-SpringTutorial-frameworks-${CONFIGURATION}-input-files.xcfilelist",
			);
			name = "[CP] Embed Pods Frameworks";
			outputFileListPaths = (
				"${PODS_ROOT}/Target Support Files/Pods-SpringTutorial/Pods-SpringTutorial-frameworks-${CONFIGURATION}-output-files.xcfilelist",
			);
			runOnlyForDeploymentPostprocessing = 0;
			shellPath = /bin/sh;
			shellScript = "\"${PODS_ROOT}/Target Support Files/Pods-SpringTutorial/Pods-SpringTutorial-frameworks.sh\"\n";
			showEnvVarsInLog = 0;
		};
		B59D5A0F26A98254E0381C2E /* [CP] Check Pods Manifest.lock */ = {
			isa = PBXShellScriptBuildPhase;
			buildActionMask = 2147483647;
			files = (
			);
			inputFileListPaths = (
			);
			inputPaths = (
				"${PODS_PODFILE_DIR_PATH}/Podfile.lock",
				"${PODS_ROOT}/Manifest.lock",
			);
			name = "[CP] Check Pods Manifest.lock";
			outputFileListPaths = (
			);
			outputPaths = (
				"$(DERIVED_FILE_DIR)/Pods-SpringTutorial-checkManifestLockResult.txt",
			);
			runOnlyForDeploymentPostprocessing = 0;
			shellPath = /bin/sh;
			shellScript = "diff \"${PODS_PODFILE_DIR_PATH}/Podfile.lock\" \"${PODS_ROOT}/Manifest.lock\" > /dev/null\nif [ $? != 0 ] ; then\n    # print error to STDERR\n    echo \"error: The sandbox is not in sync with the Podfile.lock. Run 'pod install' or update your CocoaPods installation.\" >&2\n    exit 1\nfi\n# This output is used by Xcode 'outputs' to avoid re-running this script phase.\necho \"SUCCESS\" > \"${SCRIPT_OUTPUT_FILE_0}\"\n";
			showEnvVarsInLog = 0;
		};
/* End PBXShellScriptBuildPhase section */

/* Begin PBXSourcesBuildPhase section */
		CF753A4927FC5E6100979CBA /* Sources */ = {
			isa = PBXSourcesBuildPhase;
			buildActionMask = 2147483647;
			files = (
				CF753A5527FC5E6100979CBA /* ViewController.swift in Sources */,
				CF753A5127FC5E6100979CBA /* AppDelegate.swift in Sources */,
				CF753A5327FC5E6100979CBA /* SceneDelegate.swift in Sources */,
				CFCED59C27FDA0A4009F0CCE /* SpringAnimationData.swift in Sources */,
				CF753A6927FCAD7000979CBA /* AnimationPreset.swift in Sources */,
			);
			runOnlyForDeploymentPostprocessing = 0;
		};
/* End PBXSourcesBuildPhase section */

/* Begin PBXVariantGroup section */
		CF753A5627FC5E6100979CBA /* Main.storyboard */ = {
			isa = PBXVariantGroup;
			children = (
				CF753A5727FC5E6100979CBA /* Base */,
			);
			name = Main.storyboard;
			sourceTree = "<group>";
		};
		CF753A5B27FC5E6100979CBA /* LaunchScreen.storyboard */ = {
			isa = PBXVariantGroup;
			children = (
				CF753A5C27FC5E6100979CBA /* Base */,
			);
			name = LaunchScreen.storyboard;
			sourceTree = "<group>";
		};
/* End PBXVariantGroup section */

/* Begin XCBuildConfiguration section */
		CF753A5F27FC5E6100979CBA /* Debug */ = {
			isa = XCBuildConfiguration;
			buildSettings = {
				ALWAYS_SEARCH_USER_PATHS = NO;
				CLANG_ANALYZER_NONNULL = YES;
				CLANG_ANALYZER_NUMBER_OBJECT_CONVERSION = YES_AGGRESSIVE;
				CLANG_CXX_LANGUAGE_STANDARD = "gnu++17";
				CLANG_ENABLE_MODULES = YES;
				CLANG_ENABLE_OBJC_ARC = YES;
				CLANG_ENABLE_OBJC_WEAK = YES;
				CLANG_WARN_BLOCK_CAPTURE_AUTORELEASING = YES;
				CLANG_WARN_BOOL_CONVERSION = YES;
				CLANG_WARN_COMMA = YES;
				CLANG_WARN_CONSTANT_CONVERSION = YES;
				CLANG_WARN_DEPRECATED_OBJC_IMPLEMENTATIONS = YES;
				CLANG_WARN_DIRECT_OBJC_ISA_USAGE = YES_ERROR;
				CLANG_WARN_DOCUMENTATION_COMMENTS = YES;
				CLANG_WARN_EMPTY_BODY = YES;
				CLANG_WARN_ENUM_CONVERSION = YES;
				CLANG_WARN_INFINITE_RECURSION = YES;
				CLANG_WARN_INT_CONVERSION = YES;
				CLANG_WARN_NON_LITERAL_NULL_CONVERSION = YES;
				CLANG_WARN_OBJC_IMPLICIT_RETAIN_SELF = YES;
				CLANG_WARN_OBJC_LITERAL_CONVERSION = YES;
				CLANG_WARN_OBJC_ROOT_CLASS = YES_ERROR;
				CLANG_WARN_QUOTED_INCLUDE_IN_FRAMEWORK_HEADER = YES;
				CLANG_WARN_RANGE_LOOP_ANALYSIS = YES;
				CLANG_WARN_STRICT_PROTOTYPES = YES;
				CLANG_WARN_SUSPICIOUS_MOVE = YES;
				CLANG_WARN_UNGUARDED_AVAILABILITY = YES_AGGRESSIVE;
				CLANG_WARN_UNREACHABLE_CODE = YES;
				CLANG_WARN__DUPLICATE_METHOD_MATCH = YES;
				COPY_PHASE_STRIP = NO;
				DEBUG_INFORMATION_FORMAT = dwarf;
				ENABLE_STRICT_OBJC_MSGSEND = YES;
				ENABLE_TESTABILITY = YES;
				GCC_C_LANGUAGE_STANDARD = gnu11;
				GCC_DYNAMIC_NO_PIC = NO;
				GCC_NO_COMMON_BLOCKS = YES;
				GCC_OPTIMIZATION_LEVEL = 0;
				GCC_PREPROCESSOR_DEFINITIONS = (
					"DEBUG=1",
					"$(inherited)",
				);
				GCC_WARN_64_TO_32_BIT_CONVERSION = YES;
				GCC_WARN_ABOUT_RETURN_TYPE = YES_ERROR;
				GCC_WARN_UNDECLARED_SELECTOR = YES;
				GCC_WARN_UNINITIALIZED_AUTOS = YES_AGGRESSIVE;
				GCC_WARN_UNUSED_FUNCTION = YES;
				GCC_WARN_UNUSED_VARIABLE = YES;
				IPHONEOS_DEPLOYMENT_TARGET = 15.4;
				MTL_ENABLE_DEBUG_INFO = INCLUDE_SOURCE;
				MTL_FAST_MATH = YES;
				ONLY_ACTIVE_ARCH = YES;
				SDKROOT = iphoneos;
				SWIFT_ACTIVE_COMPILATION_CONDITIONS = DEBUG;
				SWIFT_OPTIMIZATION_LEVEL = "-Onone";
			};
			name = Debug;
		};
		CF753A6027FC5E6100979CBA /* Release */ = {
			isa = XCBuildConfiguration;
			buildSettings = {
				ALWAYS_SEARCH_USER_PATHS = NO;
				CLANG_ANALYZER_NONNULL = YES;
				CLANG_ANALYZER_NUMBER_OBJECT_CONVERSION = YES_AGGRESSIVE;
				CLANG_CXX_LANGUAGE_STANDARD = "gnu++17";
				CLANG_ENABLE_MODULES = YES;
				CLANG_ENABLE_OBJC_ARC = YES;
				CLANG_ENABLE_OBJC_WEAK = YES;
				CLANG_WARN_BLOCK_CAPTURE_AUTORELEASING = YES;
				CLANG_WARN_BOOL_CONVERSION = YES;
				CLANG_WARN_COMMA = YES;
				CLANG_WARN_CONSTANT_CONVERSION = YES;
				CLANG_WARN_DEPRECATED_OBJC_IMPLEMENTATIONS = YES;
				CLANG_WARN_DIRECT_OBJC_ISA_USAGE = YES_ERROR;
				CLANG_WARN_DOCUMENTATION_COMMENTS = YES;
				CLANG_WARN_EMPTY_BODY = YES;
				CLANG_WARN_ENUM_CONVERSION = YES;
				CLANG_WARN_INFINITE_RECURSION = YES;
				CLANG_WARN_INT_CONVERSION = YES;
				CLANG_WARN_NON_LITERAL_NULL_CONVERSION = YES;
				CLANG_WARN_OBJC_IMPLICIT_RETAIN_SELF = YES;
				CLANG_WARN_OBJC_LITERAL_CONVERSION = YES;
				CLANG_WARN_OBJC_ROOT_CLASS = YES_ERROR;
				CLANG_WARN_QUOTED_INCLUDE_IN_FRAMEWORK_HEADER = YES;
				CLANG_WARN_RANGE_LOOP_ANALYSIS = YES;
				CLANG_WARN_STRICT_PROTOTYPES = YES;
				CLANG_WARN_SUSPICIOUS_MOVE = YES;
				CLANG_WARN_UNGUARDED_AVAILABILITY = YES_AGGRESSIVE;
				CLANG_WARN_UNREACHABLE_CODE = YES;
				CLANG_WARN__DUPLICATE_METHOD_MATCH = YES;
				COPY_PHASE_STRIP = NO;
				DEBUG_INFORMATION_FORMAT = "dwarf-with-dsym";
				ENABLE_NS_ASSERTIONS = NO;
				ENABLE_STRICT_OBJC_MSGSEND = YES;
				GCC_C_LANGUAGE_STANDARD = gnu11;
				GCC_NO_COMMON_BLOCKS = YES;
				GCC_WARN_64_TO_32_BIT_CONVERSION = YES;
				GCC_WARN_ABOUT_RETURN_TYPE = YES_ERROR;
				GCC_WARN_UNDECLARED_SELECTOR = YES;
				GCC_WARN_UNINITIALIZED_AUTOS = YES_AGGRESSIVE;
				GCC_WARN_UNUSED_FUNCTION = YES;
				GCC_WARN_UNUSED_VARIABLE = YES;
				IPHONEOS_DEPLOYMENT_TARGET = 15.4;
				MTL_ENABLE_DEBUG_INFO = NO;
				MTL_FAST_MATH = YES;
				SDKROOT = iphoneos;
				SWIFT_COMPILATION_MODE = wholemodule;
				SWIFT_OPTIMIZATION_LEVEL = "-O";
				VALIDATE_PRODUCT = YES;
			};
			name = Release;
		};
		CF753A6227FC5E6100979CBA /* Debug */ = {
			isa = XCBuildConfiguration;
			baseConfigurationReference = 008E9DBEF8E9A10635462B83 /* Pods-SpringTutorial.debug.xcconfig */;
			buildSettings = {
				ASSETCATALOG_COMPILER_APPICON_NAME = AppIcon;
				ASSETCATALOG_COMPILER_GLOBAL_ACCENT_COLOR_NAME = AccentColor;
				CODE_SIGN_STYLE = Automatic;
				CURRENT_PROJECT_VERSION = 1;
				DEVELOPMENT_TEAM = L7KZPDRX49;
				GENERATE_INFOPLIST_FILE = YES;
				INFOPLIST_FILE = SpringTutorial/Info.plist;
				INFOPLIST_KEY_UIApplicationSupportsIndirectInputEvents = YES;
				INFOPLIST_KEY_UILaunchStoryboardName = LaunchScreen;
				INFOPLIST_KEY_UIMainStoryboardFile = Main;
				INFOPLIST_KEY_UISupportedInterfaceOrientations_iPad = "UIInterfaceOrientationPortrait UIInterfaceOrientationPortraitUpsideDown UIInterfaceOrientationLandscapeLeft UIInterfaceOrientationLandscapeRight";
				INFOPLIST_KEY_UISupportedInterfaceOrientations_iPhone = "UIInterfaceOrientationPortrait UIInterfaceOrientationLandscapeLeft UIInterfaceOrientationLandscapeRight";
				LD_RUNPATH_SEARCH_PATHS = (
					"$(inherited)",
					"@executable_path/Frameworks",
				);
				MARKETING_VERSION = 1.0;
				PRODUCT_BUNDLE_IDENTIFIER = pmatar.SpringTutorial;
				PRODUCT_NAME = "$(TARGET_NAME)";
				SWIFT_EMIT_LOC_STRINGS = YES;
				SWIFT_VERSION = 5.0;
				TARGETED_DEVICE_FAMILY = 1;
			};
			name = Debug;
		};
		CF753A6327FC5E6100979CBA /* Release */ = {
			isa = XCBuildConfiguration;
			baseConfigurationReference = F564D5D83D69F9B96E056C0F /* Pods-SpringTutorial.release.xcconfig */;
			buildSettings = {
				ASSETCATALOG_COMPILER_APPICON_NAME = AppIcon;
				ASSETCATALOG_COMPILER_GLOBAL_ACCENT_COLOR_NAME = AccentColor;
				CODE_SIGN_STYLE = Automatic;
				CURRENT_PROJECT_VERSION = 1;
				DEVELOPMENT_TEAM = L7KZPDRX49;
				GENERATE_INFOPLIST_FILE = YES;
				INFOPLIST_FILE = SpringTutorial/Info.plist;
				INFOPLIST_KEY_UIApplicationSupportsIndirectInputEvents = YES;
				INFOPLIST_KEY_UILaunchStoryboardName = LaunchScreen;
				INFOPLIST_KEY_UIMainStoryboardFile = Main;
				INFOPLIST_KEY_UISupportedInterfaceOrientations_iPad = "UIInterfaceOrientationPortrait UIInterfaceOrientationPortraitUpsideDown UIInterfaceOrientationLandscapeLeft UIInterfaceOrientationLandscapeRight";
				INFOPLIST_KEY_UISupportedInterfaceOrientations_iPhone = "UIInterfaceOrientationPortrait UIInterfaceOrientationLandscapeLeft UIInterfaceOrientationLandscapeRight";
				LD_RUNPATH_SEARCH_PATHS = (
					"$(inherited)",
					"@executable_path/Frameworks",
				);
				MARKETING_VERSION = 1.0;
				PRODUCT_BUNDLE_IDENTIFIER = pmatar.SpringTutorial;
				PRODUCT_NAME = "$(TARGET_NAME)";
				SWIFT_EMIT_LOC_STRINGS = YES;
				SWIFT_VERSION = 5.0;
				TARGETED_DEVICE_FAMILY = 1;
			};
			name = Release;
		};
/* End XCBuildConfiguration section */

/* Begin XCConfigurationList section */
		CF753A4827FC5E6100979CBA /* Build configuration list for PBXProject "SpringTutorial" */ = {
			isa = XCConfigurationList;
			buildConfigurations = (
				CF753A5F27FC5E6100979CBA /* Debug */,
				CF753A6027FC5E6100979CBA /* Release */,
			);
			defaultConfigurationIsVisible = 0;
			defaultConfigurationName = Release;
		};
		CF753A6127FC5E6100979CBA /* Build configuration list for PBXNativeTarget "SpringTutorial" */ = {
			isa = XCConfigurationList;
			buildConfigurations = (
				CF753A6227FC5E6100979CBA /* Debug */,
				CF753A6327FC5E6100979CBA /* Release */,
			);
			defaultConfigurationIsVisible = 0;
			defaultConfigurationName = Release;
		};
/* End XCConfigurationList section */
	};
	rootObject = CF753A4527FC5E6100979CBA /* Project object */;
}
